
Microsoft Visual Studio Solution File, Format Version 12.00
# Visual Studio 15
VisualStudioVersion = 15.0.28010.2046
MinimumVisualStudioVersion = 10.0.40219.1
Project("{8BC9CEB8-8B4A-11D0-8D11-00A0C91BC942}") = "Prsi", "Prsi\Prsi.vcxproj", "{945DD3CF-8F8A-47CD-9C5D-CFB12B6E4490}"
EndProject
Global
	GlobalSection(SolutionConfigurationPlatforms) = preSolution
		Debug|x64 = Debug|x64
		Debug|x86 = Debug|x86
		Release|x64 = Release|x64
		Release|x86 = Release|x86
	EndGlobalSection
	GlobalSection(ProjectConfigurationPlatforms) = postSolution
		{945DD3CF-8F8A-47CD-9C5D-CFB12B6E4490}.Debug|x64.ActiveCfg = Debug|x64
		{945DD3CF-8F8A-47CD-9C5D-CFB12B6E4490}.Debug|x64.Build.0 = Debug|x64
		{945DD3CF-8F8A-47CD-9C5D-CFB12B6E4490}.Debug|x86.ActiveCfg = Debug|Win32
		{945DD3CF-8F8A-47CD-9C5D-CFB12B6E4490}.Debug|x86.Build.0 = Debug|Win32
		{945DD3CF-8F8A-47CD-9C5D-CFB12B6E4490}.Release|x64.ActiveCfg = Release|x64
		{945DD3CF-8F8A-47CD-9C5D-CFB12B6E4490}.Release|x64.Build.0 = Release|x64
		{945DD3CF-8F8A-47CD-9C5D-CFB12B6E4490}.Release|x86.ActiveCfg = Release|Win32
		{945DD3CF-8F8A-47CD-9C5D-CFB12B6E4490}.Release|x86.Build.0 = Release|Win32
	EndGlobalSection
	GlobalSection(SolutionProperties) = preSolution
		HideSolutionNode = FALSE
	EndGlobalSection
	GlobalSection(ExtensibilityGlobals) = postSolution
		SolutionGuid = {1ECB3C42-5132-44BD-B16F-01BBA6BDCDBD}
	EndGlobalSection
EndGlobal
